
Microsoft Visual Studio Solution File, Format Version 12.00
# Visual Studio Version 16
VisualStudioVersion = 16.0.29411.108
MinimumVisualStudioVersion = 10.0.40219.1
Project("{8BC9CEB8-8B4A-11D0-8D11-00A0C91BC942}") = "algorithm_1118", "algorithm\algorithm.vcxproj", "{B08141CB-6D99-45B6-93B6-4277C384D479}"
EndProject
Project("{8BC9CEB8-8B4A-11D0-8D11-00A0C91BC942}") = "algorithm_1129", "algorithm_1129\algorithm_1129.vcxproj", "{70787C3A-BBB6-4D1F-B94D-50D81B3E2868}"
EndProject
Project("{8BC9CEB8-8B4A-11D0-8D11-00A0C91BC942}") = "algorithm_1130", "algorithm_1130\algorithm_1130.vcxproj", "{89B610E0-0ABB-4311-8E7A-277C921D7A8A}"
EndProject
Project("{8BC9CEB8-8B4A-11D0-8D11-00A0C91BC942}") = "algorithm_12", "algorithm_12\algorithm_12.vcxproj", "{D515BFB7-2995-48DC-9E66-858D0A347528}"
EndProject
Project("{8BC9CEB8-8B4A-11D0-8D11-00A0C91BC942}") = "algorithm_202001", "algorithm_202001\algorithm_202001.vcxproj", "{AED725DB-074C-472B-898C-E610D05921CD}"
EndProject
Project("{8BC9CEB8-8B4A-11D0-8D11-00A0C91BC942}") = "algorithm_202002", "algorithm_202002\algorithm_202002.vcxproj", "{C6D43D25-B5F7-4269-9240-38D207F43BFA}"
EndProject
Project("{8BC9CEB8-8B4A-11D0-8D11-00A0C91BC942}") = "algorithm_202003", "algorithm_202003\algorithm_202003.vcxproj", "{109C793C-ECA5-449B-A7CC-D15754FA4BCD}"
EndProject
Project("{8BC9CEB8-8B4A-11D0-8D11-00A0C91BC942}") = "algorithm_202004", "algorithm_202004\algorithm_202004.vcxproj", "{20612293-DB49-47ED-997D-289C98EE27AB}"
EndProject
Project("{8BC9CEB8-8B4A-11D0-8D11-00A0C91BC942}") = "algorithm_202005", "algorithm_202005\algorithm_202005.vcxproj", "{32E85C71-3FC3-4866-B9FD-26753991B603}"
EndProject
Global
	GlobalSection(SolutionConfigurationPlatforms) = preSolution
		Debug|x64 = Debug|x64
		Debug|x86 = Debug|x86
		Release|x64 = Release|x64
		Release|x86 = Release|x86
	EndGlobalSection
	GlobalSection(ProjectConfigurationPlatforms) = postSolution
		{B08141CB-6D99-45B6-93B6-4277C384D479}.Debug|x64.ActiveCfg = Debug|x64
		{B08141CB-6D99-45B6-93B6-4277C384D479}.Debug|x86.ActiveCfg = Debug|Win32
		{B08141CB-6D99-45B6-93B6-4277C384D479}.Release|x64.ActiveCfg = Release|x64
		{B08141CB-6D99-45B6-93B6-4277C384D479}.Release|x64.Build.0 = Release|x64
		{B08141CB-6D99-45B6-93B6-4277C384D479}.Release|x86.ActiveCfg = Release|Win32
		{B08141CB-6D99-45B6-93B6-4277C384D479}.Release|x86.Build.0 = Release|Win32
		{70787C3A-BBB6-4D1F-B94D-50D81B3E2868}.Debug|x64.ActiveCfg = Debug|x64
		{70787C3A-BBB6-4D1F-B94D-50D81B3E2868}.Debug|x86.ActiveCfg = Debug|Win32
		{70787C3A-BBB6-4D1F-B94D-50D81B3E2868}.Release|x64.ActiveCfg = Release|x64
		{70787C3A-BBB6-4D1F-B94D-50D81B3E2868}.Release|x64.Build.0 = Release|x64
		{70787C3A-BBB6-4D1F-B94D-50D81B3E2868}.Release|x86.ActiveCfg = Release|Win32
		{70787C3A-BBB6-4D1F-B94D-50D81B3E2868}.Release|x86.Build.0 = Release|Win32
		{89B610E0-0ABB-4311-8E7A-277C921D7A8A}.Debug|x64.ActiveCfg = Debug|x64
		{89B610E0-0ABB-4311-8E7A-277C921D7A8A}.Debug|x86.ActiveCfg = Debug|Win32
		{89B610E0-0ABB-4311-8E7A-277C921D7A8A}.Release|x64.ActiveCfg = Release|x64
		{89B610E0-0ABB-4311-8E7A-277C921D7A8A}.Release|x64.Build.0 = Release|x64
		{89B610E0-0ABB-4311-8E7A-277C921D7A8A}.Release|x86.ActiveCfg = Release|Win32
		{89B610E0-0ABB-4311-8E7A-277C921D7A8A}.Release|x86.Build.0 = Release|Win32
		{D515BFB7-2995-48DC-9E66-858D0A347528}.Debug|x64.ActiveCfg = Debug|x64
		{D515BFB7-2995-48DC-9E66-858D0A347528}.Debug|x86.ActiveCfg = Debug|Win32
		{D515BFB7-2995-48DC-9E66-858D0A347528}.Debug|x86.Build.0 = Debug|Win32
		{D515BFB7-2995-48DC-9E66-858D0A347528}.Release|x64.ActiveCfg = Release|x64
		{D515BFB7-2995-48DC-9E66-858D0A347528}.Release|x64.Build.0 = Release|x64
		{D515BFB7-2995-48DC-9E66-858D0A347528}.Release|x86.ActiveCfg = Release|Win32
		{D515BFB7-2995-48DC-9E66-858D0A347528}.Release|x86.Build.0 = Release|Win32
		{AED725DB-074C-472B-898C-E610D05921CD}.Debug|x64.ActiveCfg = Debug|x64
		{AED725DB-074C-472B-898C-E610D05921CD}.Debug|x86.ActiveCfg = Debug|Win32
		{AED725DB-074C-472B-898C-E610D05921CD}.Debug|x86.Build.0 = Debug|Win32
		{AED725DB-074C-472B-898C-E610D05921CD}.Release|x64.ActiveCfg = Release|x64
		{AED725DB-074C-472B-898C-E610D05921CD}.Release|x64.Build.0 = Release|x64
		{AED725DB-074C-472B-898C-E610D05921CD}.Release|x86.ActiveCfg = Release|Win32
		{AED725DB-074C-472B-898C-E610D05921CD}.Release|x86.Build.0 = Release|Win32
		{C6D43D25-B5F7-4269-9240-38D207F43BFA}.Debug|x64.ActiveCfg = Debug|x64
		{C6D43D25-B5F7-4269-9240-38D207F43BFA}.Debug|x86.ActiveCfg = Debug|Win32
		{C6D43D25-B5F7-4269-9240-38D207F43BFA}.Debug|x86.Build.0 = Debug|Win32
		{C6D43D25-B5F7-4269-9240-38D207F43BFA}.Release|x64.ActiveCfg = Release|x64
		{C6D43D25-B5F7-4269-9240-38D207F43BFA}.Release|x64.Build.0 = Release|x64
		{C6D43D25-B5F7-4269-9240-38D207F43BFA}.Release|x86.ActiveCfg = Release|Win32
		{C6D43D25-B5F7-4269-9240-38D207F43BFA}.Release|x86.Build.0 = Release|Win32
		{109C793C-ECA5-449B-A7CC-D15754FA4BCD}.Debug|x64.ActiveCfg = Debug|x64
		{109C793C-ECA5-449B-A7CC-D15754FA4BCD}.Debug|x86.ActiveCfg = Debug|Win32
		{109C793C-ECA5-449B-A7CC-D15754FA4BCD}.Debug|x86.Build.0 = Debug|Win32
		{109C793C-ECA5-449B-A7CC-D15754FA4BCD}.Release|x64.ActiveCfg = Release|x64
		{109C793C-ECA5-449B-A7CC-D15754FA4BCD}.Release|x64.Build.0 = Release|x64
		{109C793C-ECA5-449B-A7CC-D15754FA4BCD}.Release|x86.ActiveCfg = Release|Win32
		{109C793C-ECA5-449B-A7CC-D15754FA4BCD}.Release|x86.Build.0 = Release|Win32
		{20612293-DB49-47ED-997D-289C98EE27AB}.Debug|x64.ActiveCfg = Debug|x64
		{20612293-DB49-47ED-997D-289C98EE27AB}.Debug|x86.ActiveCfg = Debug|Win32
		{20612293-DB49-47ED-997D-289C98EE27AB}.Debug|x86.Build.0 = Debug|Win32
		{20612293-DB49-47ED-997D-289C98EE27AB}.Release|x64.ActiveCfg = Release|x64
		{20612293-DB49-47ED-997D-289C98EE27AB}.Release|x64.Build.0 = Release|x64
		{20612293-DB49-47ED-997D-289C98EE27AB}.Release|x86.ActiveCfg = Release|Win32
		{20612293-DB49-47ED-997D-289C98EE27AB}.Release|x86.Build.0 = Release|Win32
		{32E85C71-3FC3-4866-B9FD-26753991B603}.Debug|x64.ActiveCfg = Debug|x64
		{32E85C71-3FC3-4866-B9FD-26753991B603}.Debug|x64.Build.0 = Debug|x64
		{32E85C71-3FC3-4866-B9FD-26753991B603}.Debug|x86.ActiveCfg = Debug|Win32
		{32E85C71-3FC3-4866-B9FD-26753991B603}.Debug|x86.Build.0 = Debug|Win32
		{32E85C71-3FC3-4866-B9FD-26753991B603}.Release|x64.ActiveCfg = Release|x64
		{32E85C71-3FC3-4866-B9FD-26753991B603}.Release|x64.Build.0 = Release|x64
		{32E85C71-3FC3-4866-B9FD-26753991B603}.Release|x86.ActiveCfg = Release|Win32
		{32E85C71-3FC3-4866-B9FD-26753991B603}.Release|x86.Build.0 = Release|Win32
	EndGlobalSection
	GlobalSection(SolutionProperties) = preSolution
		HideSolutionNode = FALSE
	EndGlobalSection
	GlobalSection(ExtensibilityGlobals) = postSolution
		SolutionGuid = {5899936E-D1AF-46C4-8548-01F7481CA70F}
	EndGlobalSection
EndGlobal
